Microsoft Visual Studio Solution File, Format Version 12.00
# Visual Studio Version 17
VisualStudioVersion = 17.5.2.0
MinimumVisualStudioVersion = 10.0.40219.1
Project("{2150E333-8FDC-42A3-9474-1A3956D46DE8}") = "LoggingAPI.Microservice", "LoggingAPI.Microservice", "{FF9D7E5F-20CD-A464-18F9-6023FF582776}"
EndProject
Project("{2150E333-8FDC-42A3-9474-1A3956D46DE8}") = "Shared", "Shared", "{4F52FD11-658E-A102-6CD3-7D7C16FFA15B}"
EndProject
Project("{FAE04EC0-301F-11D3-BF4B-00C04F79EFBC}") = "Logging.API.Microservice", "LoggingAPI.Microservice\Logging.API.Microservice\Logging.API.Microservice.csproj", "{0309F73E-52CC-8784-80CA-96FFDDF3646D}"
EndProject
Project("{FAE04EC0-301F-11D3-BF4B-00C04F79EFBC}") = "Logging.Shared", "Logging.Shared\Logging.Shared.csproj", "{16A7706D-4D7E-8F5F-1CDD-5909D997642E}"
EndProject
Global
	GlobalSection(SolutionConfigurationPlatforms) = preSolution
		Debug|Any CPU = Debug|Any CPU
		Release|Any CPU = Release|Any CPU
	EndGlobalSection
	GlobalSection(ProjectConfigurationPlatforms) = postSolution
		{0309F73E-52CC-8784-80CA-96FFDDF3646D}.Debug|Any CPU.ActiveCfg = Debug|Any CPU
		{0309F73E-52CC-8784-80CA-96FFDDF3646D}.Debug|Any CPU.Build.0 = Debug|Any CPU
		{0309F73E-52CC-8784-80CA-96FFDDF3646D}.Release|Any CPU.ActiveCfg = Release|Any CPU
		{0309F73E-52CC-8784-80CA-96FFDDF3646D}.Release|Any CPU.Build.0 = Release|Any CPU
		{16A7706D-4D7E-8F5F-1CDD-5909D997642E}.Debug|Any CPU.ActiveCfg = Debug|Any CPU
		{16A7706D-4D7E-8F5F-1CDD-5909D997642E}.Debug|Any CPU.Build.0 = Debug|Any CPU
		{16A7706D-4D7E-8F5F-1CDD-5909D997642E}.Release|Any CPU.ActiveCfg = Release|Any CPU
		{16A7706D-4D7E-8F5F-1CDD-5909D997642E}.Release|Any CPU.Build.0 = Release|Any CPU
	EndGlobalSection
	GlobalSection(SolutionProperties) = preSolution
		HideSolutionNode = FALSE
	EndGlobalSection
	GlobalSection(NestedProjects) = preSolution
		{0309F73E-52CC-8784-80CA-96FFDDF3646D} = {FF9D7E5F-20CD-A464-18F9-6023FF582776}
		{16A7706D-4D7E-8F5F-1CDD-5909D997642E} = {4F52FD11-658E-A102-6CD3-7D7C16FFA15B}
	EndGlobalSection
	GlobalSection(ExtensibilityGlobals) = postSolution
		SolutionGuid = {9B1E213D-6FD5-439E-A177-EF7F8268A918}
	EndGlobalSection
EndGlobal
